{
  "lockfileVersion": 1,
  "configVersion": 1,
  "workspaces": {
    "": {
      "name": "pandora",
      "dependencies": {
        "@ai-sdk/anthropic": "^3.0.36",
        "@ai-sdk/openai": "^3.0.25",
        "ai": "^6.0.71",
        "grammy": "^1.39.3",
        "jsonc-parser": "^3.3.1",
        "vercel-minimax-ai-provider": "^0.0.2",
        "zod": "^3.25.0",
      },
      "devDependencies": {
        "@types/bun": "latest",
        "typescript": "^5.9.3",
      },
    },
  },
  "packages": {
    "@ai-sdk/anthropic": ["@ai-sdk/anthropic@3.0.36", "", { "dependencies": { "@ai-sdk/provider": "3.0.7", "@ai-sdk/provider-utils": "4.0.13" }, "peerDependencies": { "zod": "^3.25.76 || ^4.1.8" } }, "sha512-GHQccfwC0j1JltN9M47RSlBpOyHoUam0mvbYMf8zpE0UD1tzIX5sDw2m/8nRlrTz6wGuKfaDxmoC3XH7uhTrXg=="],

    "@ai-sdk/gateway": ["@ai-sdk/gateway@3.0.34", "", { "dependencies": { "@ai-sdk/provider": "3.0.7", "@ai-sdk/provider-utils": "4.0.13", "@vercel/oidc": "3.1.0" }, "peerDependencies": { "zod": "^3.25.76 || ^4.1.8" } }, "sha512-ZS1dWai5DINQOv3bpNi3ua9+yt3jnRaux3CwEr/ai9qETp6T+2wcpZyw+0jUHo1He/Lznw//AQh4zhdwHnTWrg=="],

    "@ai-sdk/openai": ["@ai-sdk/openai@3.0.25", "", { "dependencies": { "@ai-sdk/provider": "3.0.7", "@ai-sdk/provider-utils": "4.0.13" }, "peerDependencies": { "zod": "^3.25.76 || ^4.1.8" } }, "sha512-DsaN46R98+D1W3lU3fKuPU3ofacboLaHlkAwxJPgJ8eup1AJHmPK1N1y10eJJbJcF6iby8Tf/vanoZxc9JPUfw=="],

    "@ai-sdk/provider": ["@ai-sdk/provider@3.0.7", "", { "dependencies": { "json-schema": "^0.4.0" } }, "sha512-VkPLrutM6VdA924/mG8OS+5frbVTcu6e046D2bgDo00tehBANR1QBJ/mPcZ9tXMFOsVcm6SQArOregxePzTFPw=="],

    "@ai-sdk/provider-utils": ["@ai-sdk/provider-utils@4.0.13", "", { "dependencies": { "@ai-sdk/provider": "3.0.7", "@standard-schema/spec": "^1.1.0", "eventsource-parser": "^3.0.6" }, "peerDependencies": { "zod": "^3.25.76 || ^4.1.8" } }, "sha512-HHG72BN4d+OWTcq2NwTxOm/2qvk1duYsnhCDtsbYwn/h/4zeqURu1S0+Cn0nY2Ysq9a9HGKvrYuMn9bgFhR2Og=="],

    "@grammyjs/types": ["@grammyjs/types@3.23.0", "", {}, "sha512-D3jQ4UWERPsyR3op/YFudMMIPNTU47vy7L51uO9/73tMELmjO/+LX5N36/Y0CG5IQfIsz43MxiHI5rgsK0/k+g=="],

    "@opentelemetry/api": ["@opentelemetry/api@1.9.0", "", {}, "sha512-3giAOQvZiH5F9bMlMiv8+GSPMeqg0dbaeo58/0SlA9sxSqZhnUtxzX9/2FzyhS9sWQf5S0GJE0AKBrFqjpeYcg=="],

    "@standard-schema/spec": ["@standard-schema/spec@1.1.0", "", {}, "sha512-l2aFy5jALhniG5HgqrD6jXLi/rUWrKvqN/qJx6yoJsgKhblVd+iqqU4RCXavm/jPityDo5TCvKMnpjKnOriy0w=="],

    "@types/bun": ["@types/bun@1.3.8", "", { "dependencies": { "bun-types": "1.3.8" } }, "sha512-3LvWJ2q5GerAXYxO2mffLTqOzEu5qnhEAlh48Vnu8WQfnmSwbgagjGZV6BoHKJztENYEDn6QmVd949W4uESRJA=="],

    "@types/node": ["@types/node@25.2.0", "", { "dependencies": { "undici-types": "~7.16.0" } }, "sha512-DZ8VwRFUNzuqJ5khrvwMXHmvPe+zGayJhr2CDNiKB1WBE1ST8Djl00D0IC4vvNmHMdj6DlbYRIaFE7WHjlDl5w=="],

    "@vercel/oidc": ["@vercel/oidc@3.1.0", "", {}, "sha512-Fw28YZpRnA3cAHHDlkt7xQHiJ0fcL+NRcIqsocZQUSmbzeIKRpwttJjik5ZGanXP+vlA4SbTg+AbA3bP363l+w=="],

    "abort-controller": ["abort-controller@3.0.0", "", { "dependencies": { "event-target-shim": "^5.0.0" } }, "sha512-h8lQ8tacZYnR3vNQTgibj+tODHI5/+l06Au2Pcriv/Gmet0eaj4TwWH41sO9wnHDiQsEj19q0drzdWdeAHtweg=="],

    "ai": ["ai@6.0.71", "", { "dependencies": { "@ai-sdk/gateway": "3.0.34", "@ai-sdk/provider": "3.0.7", "@ai-sdk/provider-utils": "4.0.13", "@opentelemetry/api": "1.9.0" }, "peerDependencies": { "zod": "^3.25.76 || ^4.1.8" } }, "sha512-33/Qq0BhEG+SabYeE7ZlLL3DCubUQo04C8E9UdEHqh2DJuGdtxMXG/TSMkO2uF+ZmlGJpD4UY5Wij9/qal298w=="],

    "bun-types": ["bun-types@1.3.8", "", { "dependencies": { "@types/node": "*" } }, "sha512-fL99nxdOWvV4LqjmC+8Q9kW3M4QTtTR1eePs94v5ctGqU8OeceWrSUaRw3JYb7tU3FkMIAjkueehrHPPPGKi5Q=="],

    "debug": ["debug@4.4.3", "", { "dependencies": { "ms": "^2.1.3" } }, "sha512-RGwwWnwQvkVfavKVt22FGLw+xYSdzARwm0ru6DhTVA3umU5hZc28V3kO4stgYryrTlLpuvgI9GiijltAjNbcqA=="],

    "event-target-shim": ["event-target-shim@5.0.1", "", {}, "sha512-i/2XbnSz/uxRCU6+NdVJgKWDTM427+MqYbkQzD321DuCQJUqOuJKIA0IM2+W2xtYHdKOmZ4dR6fExsd4SXL+WQ=="],

    "eventsource-parser": ["eventsource-parser@3.0.6", "", {}, "sha512-Vo1ab+QXPzZ4tCa8SwIHJFaSzy4R6SHf7BY79rFBDf0idraZWAkYrDjDj8uWaSm3S2TK+hJ7/t1CEmZ7jXw+pg=="],

    "grammy": ["grammy@1.39.3", "", { "dependencies": { "@grammyjs/types": "3.23.0", "abort-controller": "^3.0.0", "debug": "^4.4.3", "node-fetch": "^2.7.0" } }, "sha512-7arRRoOtOh9UwMwANZ475kJrWV6P3/EGNooeHlY0/SwZv4t3ZZ3Uiz9cAXK8Zg9xSdgmm8T21kx6n7SZaWvOcw=="],

    "json-schema": ["json-schema@0.4.0", "", {}, "sha512-es94M3nTIfsEPisRafak+HDLfHXnKBhV3vU5eqPcS3flIWqcxJWgXHXiey3YrpaNsanY5ei1VoYEbOzijuq9BA=="],

    "jsonc-parser": ["jsonc-parser@3.3.1", "", {}, "sha512-HUgH65KyejrUFPvHFPbqOY0rsFip3Bo5wb4ngvdi1EpCYWUQDC5V+Y7mZws+DLkr4M//zQJoanu1SP+87Dv1oQ=="],

    "ms": ["ms@2.1.3", "", {}, "sha512-6FlzubTLZG3J2a/NVCAleEhjzq5oxgHyaCU9yYXvcLsvoVaHJq/s5xXI6/XXP6tz7R9xAOtHnSO/tXtF3WRTlA=="],

    "node-fetch": ["node-fetch@2.7.0", "", { "dependencies": { "whatwg-url": "^5.0.0" }, "peerDependencies": { "encoding": "^0.1.0" }, "optionalPeers": ["encoding"] }, "sha512-c4FRfUm/dbcWZ7U+1Wq0AwCyFL+3nt2bEw05wfxSz+DWpWsitgmSgYmy2dQdWyKC1694ELPqMs/YzUSNozLt8A=="],

    "tr46": ["tr46@0.0.3", "", {}, "sha512-N3WMsuqV66lT30CrXNbEjx4GEwlow3v6rr4mCcv6prnfwhS01rkgyFdjPNBYd9br7LpXV1+Emh01fHnq2Gdgrw=="],

    "typescript": ["typescript@5.9.3", "", { "bin": { "tsc": "bin/tsc", "tsserver": "bin/tsserver" } }, "sha512-jl1vZzPDinLr9eUt3J/t7V6FgNEw9QjvBPdysz9KfQDD41fQrC2Y4vKQdiaUpFT4bXlb1RHhLpp8wtm6M5TgSw=="],

    "undici-types": ["undici-types@7.16.0", "", {}, "sha512-Zz+aZWSj8LE6zoxD+xrjh4VfkIG8Ya6LvYkZqtUQGJPZjYl53ypCaUwWqo7eI0x66KBGeRo+mlBEkMSeSZ38Nw=="],

    "vercel-minimax-ai-provider": ["vercel-minimax-ai-provider@0.0.2", "", { "dependencies": { "@ai-sdk/anthropic": "3.0.6", "@ai-sdk/provider": "3.0.2", "@ai-sdk/provider-utils": "4.0.4" }, "peerDependencies": { "zod": "^3.25.76 || ^4.1.8" } }, "sha512-h9QzLL7RBmOreqWfr2fcoFVNTJgusENJVagVm8vAi+DBfd+1t+sVJZ/hAhKrtuCKCrm33BlOSWVdJehQFju5jQ=="],

    "webidl-conversions": ["webidl-conversions@3.0.1", "", {}, "sha512-2JAn3z8AR6rjK8Sm8orRC0h/bcl/DqL7tRPdGZ4I1CjdF+EaMLmYxBHyXuKL849eucPFhvBoxMsflfOb8kxaeQ=="],

    "whatwg-url": ["whatwg-url@5.0.0", "", { "dependencies": { "tr46": "~0.0.3", "webidl-conversions": "^3.0.0" } }, "sha512-saE57nupxk6v3HY35+jzBwYa0rKSy0XR8JSxZPwgLr7ys0IBzhGviA1/TUGJLmSVqs8pb9AnvICXEuOHLprYTw=="],

    "zod": ["zod@3.25.76", "", {}, "sha512-gzUt/qt81nXsFGKIFcC3YnfEAx5NkunCfnDlvuBSSFS02bcXu4Lmea0AFIUwbLWxWPx3d9p8S5QoaujKcNQxcQ=="],

    "vercel-minimax-ai-provider/@ai-sdk/anthropic": ["@ai-sdk/anthropic@3.0.6", "", { "dependencies": { "@ai-sdk/provider": "3.0.1", "@ai-sdk/provider-utils": "4.0.3" }, "peerDependencies": { "zod": "^3.25.76 || ^4.1.8" } }, "sha512-Ns5OOPHXbODzitvqCySnAFZCAm9ldpx+fdbC0c/f9QwX5b4MQtQJIQ0xZyKm+tB/ynBoeV6zhtyWDXjYeVEWIw=="],

    "vercel-minimax-ai-provider/@ai-sdk/provider": ["@ai-sdk/provider@3.0.2", "", { "dependencies": { "json-schema": "^0.4.0" } }, "sha512-HrEmNt/BH/hkQ7zpi2o6N3k1ZR1QTb7z85WYhYygiTxOQuaml4CMtHCWRbric5WPU+RNsYI7r1EpyVQMKO1pYw=="],

    "vercel-minimax-ai-provider/@ai-sdk/provider-utils": ["@ai-sdk/provider-utils@4.0.4", "", { "dependencies": { "@ai-sdk/provider": "3.0.2", "@standard-schema/spec": "^1.1.0", "eventsource-parser": "^3.0.6" }, "peerDependencies": { "zod": "^3.25.76 || ^4.1.8" } }, "sha512-VxhX0B/dWGbpNHxrKCWUAJKXIXV015J4e7qYjdIU9lLWeptk0KMLGcqkB4wFxff5Njqur8dt8wRi1MN9lZtDqg=="],

    "vercel-minimax-ai-provider/@ai-sdk/anthropic/@ai-sdk/provider": ["@ai-sdk/provider@3.0.1", "", { "dependencies": { "json-schema": "^0.4.0" } }, "sha512-2lR4w7mr9XrydzxBSjir4N6YMGdXD+Np1Sh0RXABh7tWdNFFwIeRI1Q+SaYZMbfL8Pg8RRLcrxQm51yxTLhokg=="],

    "vercel-minimax-ai-provider/@ai-sdk/anthropic/@ai-sdk/provider-utils": ["@ai-sdk/provider-utils@4.0.3", "", { "dependencies": { "@ai-sdk/provider": "3.0.1", "@standard-schema/spec": "^1.1.0", "eventsource-parser": "^3.0.6" }, "peerDependencies": { "zod": "^3.25.76 || ^4.1.8" } }, "sha512-Vo2p61dDld8Dy/O66zKQpE4nqHojiEEYEjZcSbICjE7h8Z6QmHzBfd+ss/paIDdyXyS0yHmC1GoRYYKo89cqZQ=="],
  }
}
